
Microsoft Visual Studio Solution File, Format Version 12.00
# Visual Studio Version 17
VisualStudioVersion = 17.7.34221.43
MinimumVisualStudioVersion = 10.0.40219.1
Project("{FAE04EC0-301F-11D3-BF4B-00C04F79EFBC}") = "MessengerService", "MessengerService\MessengerService.csproj", "{15929461-91C5-49BB-AFD3-AFD5ADDA863C}"
EndProject
Project("{FAE04EC0-301F-11D3-BF4B-00C04F79EFBC}") = "MessengerServer", "MessengerServer\MessengerServer.csproj", "{80B9BFAB-122A-4EED-8908-4F9F09CD6485}"
EndProject
Project("{FAE04EC0-301F-11D3-BF4B-00C04F79EFBC}") = "MessengerClient", "MessengerClient\MessengerClient.csproj", "{45CD535B-AC1E-4560-B88E-689A7FEA2D22}"
EndProject
Global
	GlobalSection(SolutionConfigurationPlatforms) = preSolution
		Debug|Any CPU = Debug|Any CPU
		Release|Any CPU = Release|Any CPU
	EndGlobalSection
	GlobalSection(ProjectConfigurationPlatforms) = postSolution
		{15929461-91C5-49BB-AFD3-AFD5ADDA863C}.Debug|Any CPU.ActiveCfg = Debug|Any CPU
		{15929461-91C5-49BB-AFD3-AFD5ADDA863C}.Debug|Any CPU.Build.0 = Debug|Any CPU
		{15929461-91C5-49BB-AFD3-AFD5ADDA863C}.Release|Any CPU.ActiveCfg = Release|Any CPU
		{15929461-91C5-49BB-AFD3-AFD5ADDA863C}.Release|Any CPU.Build.0 = Release|Any CPU
		{80B9BFAB-122A-4EED-8908-4F9F09CD6485}.Debug|Any CPU.ActiveCfg = Debug|Any CPU
		{80B9BFAB-122A-4EED-8908-4F9F09CD6485}.Debug|Any CPU.Build.0 = Debug|Any CPU
		{80B9BFAB-122A-4EED-8908-4F9F09CD6485}.Release|Any CPU.ActiveCfg = Release|Any CPU
		{80B9BFAB-122A-4EED-8908-4F9F09CD6485}.Release|Any CPU.Build.0 = Release|Any CPU
		{45CD535B-AC1E-4560-B88E-689A7FEA2D22}.Debug|Any CPU.ActiveCfg = Debug|Any CPU
		{45CD535B-AC1E-4560-B88E-689A7FEA2D22}.Debug|Any CPU.Build.0 = Debug|Any CPU
		{45CD535B-AC1E-4560-B88E-689A7FEA2D22}.Release|Any CPU.ActiveCfg = Release|Any CPU
		{45CD535B-AC1E-4560-B88E-689A7FEA2D22}.Release|Any CPU.Build.0 = Release|Any CPU
	EndGlobalSection
	GlobalSection(SolutionProperties) = preSolution
		HideSolutionNode = FALSE
	EndGlobalSection
	GlobalSection(ExtensibilityGlobals) = postSolution
		SolutionGuid = {C0C0D753-818A-4BD0-8F99-7ABB25E71D42}
	EndGlobalSection
EndGlobal
